
Microsoft Visual Studio Solution File, Format Version 12.00
# Visual Studio Version 17
VisualStudioVersion = 17.9.34616.47
MinimumVisualStudioVersion = 10.0.40219.1
Project("{FAE04EC0-301F-11D3-BF4B-00C04F79EFBC}") = "RestAPI_TESTE", "RestAPI_TESTE\RestAPI_TESTE.csproj", "{772FA357-5C2F-480E-9879-E0B1DFFF939C}"
EndProject
Global
	GlobalSection(SolutionConfigurationPlatforms) = preSolution
		Debug|Any CPU = Debug|Any CPU
		Release|Any CPU = Release|Any CPU
	EndGlobalSection
	GlobalSection(ProjectConfigurationPlatforms) = postSolution
		{772FA357-5C2F-480E-9879-E0B1DFFF939C}.Debug|Any CPU.ActiveCfg = Debug|Any CPU
		{772FA357-5C2F-480E-9879-E0B1DFFF939C}.Debug|Any CPU.Build.0 = Debug|Any CPU
		{772FA357-5C2F-480E-9879-E0B1DFFF939C}.Release|Any CPU.ActiveCfg = Release|Any CPU
		{772FA357-5C2F-480E-9879-E0B1DFFF939C}.Release|Any CPU.Build.0 = Release|Any CPU
	EndGlobalSection
	GlobalSection(SolutionProperties) = preSolution
		HideSolutionNode = FALSE
	EndGlobalSection
	GlobalSection(ExtensibilityGlobals) = postSolution
		SolutionGuid = {C3CA7485-0632-4437-8E39-F92AD3165AC9}
	EndGlobalSection
EndGlobal
